
Microsoft Visual Studio Solution File, Format Version 12.00
# Visual Studio Version 17
VisualStudioVersion = 17.3.32901.215
MinimumVisualStudioVersion = 10.0.40219.1
Project("{9A19103F-16F7-4668-BE54-9A1E7A4F7556}") = "ITEC225-FinalProject-RonMajor", "ITEC225-FinalProject-RonMajor\ITEC225-FinalProject-RonMajor.csproj", "{AC3A468E-8B11-46C7-8A46-FBA047C972B4}"
EndProject
Global
	GlobalSection(SolutionConfigurationPlatforms) = preSolution
		Debug|Any CPU = Debug|Any CPU
		Release|Any CPU = Release|Any CPU
	EndGlobalSection
	GlobalSection(ProjectConfigurationPlatforms) = postSolution
		{AC3A468E-8B11-46C7-8A46-FBA047C972B4}.Debug|Any CPU.ActiveCfg = Debug|Any CPU
		{AC3A468E-8B11-46C7-8A46-FBA047C972B4}.Debug|Any CPU.Build.0 = Debug|Any CPU
		{AC3A468E-8B11-46C7-8A46-FBA047C972B4}.Release|Any CPU.ActiveCfg = Release|Any CPU
		{AC3A468E-8B11-46C7-8A46-FBA047C972B4}.Release|Any CPU.Build.0 = Release|Any CPU
	EndGlobalSection
	GlobalSection(SolutionProperties) = preSolution
		HideSolutionNode = FALSE
	EndGlobalSection
	GlobalSection(ExtensibilityGlobals) = postSolution
		SolutionGuid = {9B400FBA-DC17-4576-99ED-DEBD67F605E4}
	EndGlobalSection
EndGlobal
